
Microsoft Visual Studio Solution File, Format Version 12.00
# Visual Studio Version 16
VisualStudioVersion = 16.0.30225.117
MinimumVisualStudioVersion = 10.0.40219.1
Project("{FAE04EC0-301F-11D3-BF4B-00C04F79EFBC}") = "LearningAI", "LearningAI\LearningAI.csproj", "{66917F63-7B22-4837-BD67-F99F55DC5BA8}"
EndProject
Global
	GlobalSection(SolutionConfigurationPlatforms) = preSolution
		Debug|Any CPU = Debug|Any CPU
		Release|Any CPU = Release|Any CPU
	EndGlobalSection
	GlobalSection(ProjectConfigurationPlatforms) = postSolution
		{66917F63-7B22-4837-BD67-F99F55DC5BA8}.Debug|Any CPU.ActiveCfg = Debug|Any CPU
		{66917F63-7B22-4837-BD67-F99F55DC5BA8}.Debug|Any CPU.Build.0 = Debug|Any CPU
		{66917F63-7B22-4837-BD67-F99F55DC5BA8}.Release|Any CPU.ActiveCfg = Release|Any CPU
		{66917F63-7B22-4837-BD67-F99F55DC5BA8}.Release|Any CPU.Build.0 = Release|Any CPU
	EndGlobalSection
	GlobalSection(SolutionProperties) = preSolution
		HideSolutionNode = FALSE
	EndGlobalSection
	GlobalSection(ExtensibilityGlobals) = postSolution
		SolutionGuid = {9CB5F124-FA45-4685-93DF-06631237517A}
	EndGlobalSection
EndGlobal
